{
  "version": 4,
  "terraform_version": "1.9.6",
  "serial": 204,
  "lineage": "3b25dbec-e9fb-0f51-fe05-f761ea9a739d",
  "outputs": {
    "azs": {
      "value": [
        "us-east-1a",
        "us-east-1b",
        "us-east-1c",
        "us-east-1d",
        "us-east-1e",
        "us-east-1f"
      ],
      "type": [
        "list",
        "string"
      ]
    },
    "cluster_arn": {
      "value": "arn:aws:eks:us-east-1:767398061335:cluster/Bhargav-Dev-eks-1",
      "type": "string"
    },
    "cluster_certificate_authority_data": {
      "value": "LS0tLS1CRUdJTiBDRVJUSUZJQ0FURS0tLS0tCk1JSURCVENDQWUyZ0F3SUJBZ0lJS0cvaHczSlI3Mmt3RFFZSktvWklodmNOQVFFTEJRQXdGVEVUTUJFR0ExVUUKQXhNS2EzVmlaWEp1WlhSbGN6QWVGdzB5TkRBNU1qUXdPVEU0TlRsYUZ3MHpOREE1TWpJd09USXpOVGxhTUJVeApFekFSQmdOVkJBTVRDbXQxWW1WeWJtVjBaWE13Z2dFaU1BMEdDU3FHU0liM0RRRUJBUVVBQTRJQkR3QXdnZ0VLCkFvSUJBUUNxaWoxbHFBL0ozcW5TK0ZCMHhJUUVGWDB2UUdrTElaNDhlZHFSbkZMc0JMZXdiamt1RWRqcUNtYmEKT1hwcHhOSzN3SStidjFuSmVsNS9yNUhFOGc0MXJEMW1CYzJzOEc4SW5jZDhzMWtjSzAvd2djMk5Sb2tFdWQwYgpZb1RkeVBBcFIzazVTT0dWT3loc0Q0Wi9oQU16MDB2d1pJYWl3N3hUS3FIRERMR1ZTV0ZNL2JUNzRmcnlGQ1FFCmhqZU96ME8vZWI1cXc3aFJrZFNWUXBiVmxmdThwaVg5YllyeFBRWkpNeDNmTUVJTmhmTS9OTi8rV0pWRWZlUk4KQ20xV29KTXBKVCtHRkFuRFN6V3JmczRjcUVnMm9BdDlGM1hiUFRaTmNka0QzZlBLWFM0K2IzcncvRWhpeGV2RAo1N2xVNG55dXhqT0NTRDRjM3RhbTAzaVpuY1lSQWdNQkFBR2pXVEJYTUE0R0ExVWREd0VCL3dRRUF3SUNwREFQCkJnTlZIUk1CQWY4RUJUQURBUUgvTUIwR0ExVWREZ1FXQkJRNHRzNFFGOUZRditINXBIdEJsaHV1MGxnVmhqQVYKQmdOVkhSRUVEakFNZ2dwcmRXSmxjbTVsZEdWek1BMEdDU3FHU0liM0RRRUJDd1VBQTRJQkFRQkFuNWcyaEEveQpuaDlWZm9kTWdyNmc2ZExwYUc2bVM1YWtDbkRwTjNLeWlxZzVJc0xIc1RhcG5zLzZWZnpDNS9EYTRFbDgzSE9ZClEzV1NTNU93WVU2UVlQbC91V0d3U1h2Y1RCQmJaUnJXSURPWmdFV0poSFFURWl5bUorQytnN2Y5a3htOGVGbkgKVERDT2pMcEg2Q0FvZ0dLV21SeUtnWEliNmdtV0ZEVlVVd0lmNFZ5L2F5K3VvcGQ5K29EbzFLaklwRGFIclM1RApiVmxHOVZBeTR0Mzlya1J3aVgzSGdKcnQyNXorcVJrT1ZER21xOWw3cTloOStRekdhVGFpU29RQU1OY3FhT2RpCnEwWVRJam5ITWNzUlJCdTR1a3hjUDBKNys1L0VFdi9ZN3pWTGxLd2luSUpvWW5jcER6S3dBUHFiNzlPTXZNV1MKM0hCbFB6eitpUE5LCi0tLS0tRU5EIENFUlRJRklDQVRFLS0tLS0K",
      "type": "string"
    },
    "cluster_endpoint": {
      "value": "https://11EA7ACC6424C131E01CE602E7AFA7D1.gr7.us-east-1.eks.amazonaws.com",
      "type": "string"
    },
    "cluster_iam_role_arn": {
      "value": "arn:aws:iam::767398061335:role/Bhargav-Dev-eks-master-role",
      "type": "string"
    },
    "cluster_iam_role_name": {
      "value": "Bhargav-Dev-eks-master-role",
      "type": "string"
    },
    "cluster_id": {
      "value": "Bhargav-Dev-eks-1",
      "type": "string"
    },
    "cluster_oidc_issuer_url": {
      "value": "https://oidc.eks.us-east-1.amazonaws.com/id/11EA7ACC6424C131E01CE602E7AFA7D1",
      "type": "string"
    },
    "cluster_primary_security_group_id": {
      "value": "sg-0e3e6cd521be02746",
      "type": "string"
    },
    "cluster_version": {
      "value": "1.30",
      "type": "string"
    },
    "ec2_bastion_public_instance_ids": {
      "value": "i-0e8ba4d83b5bf2680",
      "type": "string"
    },
    "ec2_bastion_public_ip": {
      "value": "3.228.246.102",
      "type": "string"
    },
    "nat_public_ips": {
      "value": [
        "52.4.212.245"
      ],
      "type": [
        "list",
        "string"
      ]
    },
    "node_group_public_arn": {
      "value": "arn:aws:eks:us-east-1:767398061335:nodegroup/Bhargav-Dev-eks-1/Bhargav-Dev-eks-ng-public/c8c911ae-22af-edfb-7827-19e93b424e9b",
      "type": "string"
    },
    "node_group_public_id": {
      "value": "Bhargav-Dev-eks-1:Bhargav-Dev-eks-ng-public",
      "type": "string"
    },
    "node_group_public_status": {
      "value": "ACTIVE",
      "type": "string"
    },
    "node_group_public_version": {
      "value": "1.30",
      "type": "string"
    },
    "private_subnets": {
      "value": [
        "subnet-0d8dc89cee514431b",
        "subnet-08886dc08688aaaf5"
      ],
      "type": [
        "tuple",
        [
          "string",
          "string"
        ]
      ]
    },
    "public_subnets": {
      "value": [
        "subnet-078784bf2113bbff9",
        "subnet-055eab7d32a88e58d"
      ],
      "type": [
        "tuple",
        [
          "string",
          "string"
        ]
      ]
    },
    "vpc_cidr_block": {
      "value": "10.0.0.0/16",
      "type": "string"
    },
    "vpc_id": {
      "value": "vpc-08a3afcb05ae574ea",
      "type": "string"
    }
  },
  "resources": [
    {
      "mode": "data",
      "type": "aws_ami",
      "name": "amzlinux2",
      "provider": "provider[\"registry.terraform.io/hashicorp/aws\"]",
      "instances": [
        {
          "schema_version": 0,
          "attributes": {
            "architecture": "x86_64",
            "arn": "arn:aws:ec2:us-east-1::image/ami-052b9fbb6949f883a",
            "block_device_mappings": [
              {
                "device_name": "/dev/xvda",
                "ebs": {
                  "delete_on_termination": "true",
                  "encrypted": "false",
                  "iops": "0",
                  "snapshot_id": "snap-0be4171a54ec9da0b",
                  "throughput": "0",
                  "volume_size": "8",
                  "volume_type": "gp2"
                },
                "no_device": "",
                "virtual_name": ""
              }
            ],
            "boot_mode": "",
            "creation_date": "2024-09-16T18:59:41.000Z",
            "deprecation_time": "2025-07-01T00:00:00.000Z",
            "description": "Amazon Linux 2 AMI 2.0.20240916.0 x86_64 HVM gp2",
            "ena_support": true,
            "executable_users": null,
            "filter": [
              {
                "name": "architecture",
                "values": [
                  "x86_64"
                ]
              },
              {
                "name": "name",
                "values": [
                  "amzn2-ami-hvm-*-gp2"
                ]
              },
              {
                "name": "root-device-type",
                "values": [
                  "ebs"
                ]
              },
              {
                "name": "virtualization-type",
                "values": [
                  "hvm"
                ]
              }
            ],
            "hypervisor": "xen",
            "id": "ami-052b9fbb6949f883a",
            "image_id": "ami-052b9fbb6949f883a",
            "image_location": "amazon/amzn2-ami-hvm-2.0.20240916.0-x86_64-gp2",
            "image_owner_alias": "amazon",
            "image_type": "machine",
            "imds_support": "",
            "include_deprecated": false,
            "kernel_id": "",
            "most_recent": true,
            "name": "amzn2-ami-hvm-2.0.20240916.0-x86_64-gp2",
            "name_regex": null,
            "owner_id": "137112412989",
            "owners": [
              "amazon"
            ],
            "platform": "",
            "platform_details": "Linux/UNIX",
            "product_codes": [],
            "public": true,
            "ramdisk_id": "",
            "root_device_name": "/dev/xvda",
            "root_device_type": "ebs",
            "root_snapshot_id": "snap-0be4171a54ec9da0b",
            "sriov_net_support": "simple",
            "state": "available",
            "state_reason": {
              "code": "UNSET",
              "message": "UNSET"
            },
            "tags": {},
            "timeouts": null,
            "tpm_support": "",
            "usage_operation": "RunInstances",
            "virtualization_type": "hvm"
          },
          "sensitive_attributes": []
        }
      ]
    },
    {
      "mode": "data",
      "type": "aws_availability_zones",
      "name": "available",
      "provider": "provider[\"registry.terraform.io/hashicorp/aws\"]",
      "instances": [
        {
          "schema_version": 0,
          "attributes": {
            "all_availability_zones": null,
            "exclude_names": null,
            "exclude_zone_ids": null,
            "filter": null,
            "group_names": [
              "us-east-1"
            ],
            "id": "us-east-1",
            "names": [
              "us-east-1a",
              "us-east-1b",
              "us-east-1c",
              "us-east-1d",
              "us-east-1e",
              "us-east-1f"
            ],
            "state": null,
            "timeouts": null,
            "zone_ids": [
              "use1-az4",
              "use1-az6",
              "use1-az1",
              "use1-az2",
              "use1-az3",
              "use1-az5"
            ]
          },
          "sensitive_attributes": []
        }
      ]
    },
    {
      "mode": "managed",
      "type": "aws_eip",
      "name": "bastion_eip",
      "provider": "provider[\"registry.terraform.io/hashicorp/aws\"]",
      "instances": [
        {
          "schema_version": 0,
          "attributes": {
            "address": null,
            "allocation_id": "eipalloc-0926db476ef0dfb59",
            "arn": "arn:aws:ec2:us-east-1:767398061335:elastic-ip/eipalloc-0926db476ef0dfb59",
            "associate_with_private_ip": null,
            "association_id": "eipassoc-0d781d6536062d05e",
            "carrier_ip": "",
            "customer_owned_ip": "",
            "customer_owned_ipv4_pool": "",
            "domain": "vpc",
            "id": "eipalloc-0926db476ef0dfb59",
            "instance": "i-0e8ba4d83b5bf2680",
            "network_border_group": "us-east-1",
            "network_interface": "eni-0025232033ede2f6a",
            "private_dns": "ip-10-0-101-112.ec2.internal",
            "private_ip": "10.0.101.112",
            "ptr_record": "",
            "public_dns": "ec2-3-228-246-102.compute-1.amazonaws.com",
            "public_ip": "3.228.246.102",
            "public_ipv4_pool": "amazon",
            "tags": {
              "environment": "Dev",
              "owners": "Bhargav"
            },
            "tags_all": {
              "environment": "Dev",
              "owners": "Bhargav"
            },
            "timeouts": null,
            "vpc": true
          },
          "sensitive_attributes": [],
          "private": "eyJlMmJmYjczMC1lY2FhLTExZTYtOGY4OC0zNDM2M2JjN2M0YzAiOnsiZGVsZXRlIjoxODAwMDAwMDAwMDAsInJlYWQiOjkwMDAwMDAwMDAwMCwidXBkYXRlIjozMDAwMDAwMDAwMDB9fQ==",
          "dependencies": [
            "data.aws_ami.amzlinux2",
            "data.aws_availability_zones.available",
            "module.ec2_public.aws_iam_instance_profile.this",
            "module.ec2_public.aws_iam_role.this",
            "module.ec2_public.aws_iam_role_policy_attachment.this",
            "module.ec2_public.aws_instance.ignore_ami",
            "module.ec2_public.aws_instance.this",
            "module.ec2_public.aws_spot_instance_request.this",
            "module.ec2_public.data.aws_iam_policy_document.assume_role_policy",
            "module.ec2_public.data.aws_partition.current",
            "module.ec2_public.data.aws_ssm_parameter.this",
            "module.public_bastion_sg.aws_security_group.this",
            "module.public_bastion_sg.aws_security_group.this_name_prefix",
            "module.vpc.aws_cloudwatch_log_group.flow_log",
            "module.vpc.aws_customer_gateway.this",
            "module.vpc.aws_db_subnet_group.database",
            "module.vpc.aws_default_network_acl.this",
            "module.vpc.aws_default_route_table.default",
            "module.vpc.aws_default_security_group.this",
            "module.vpc.aws_default_vpc.this",
            "module.vpc.aws_egress_only_internet_gateway.this",
            "module.vpc.aws_eip.nat",
            "module.vpc.aws_elasticache_subnet_group.elasticache",
            "module.vpc.aws_flow_log.this",
            "module.vpc.aws_iam_policy.vpc_flow_log_cloudwatch",
            "module.vpc.aws_iam_role.vpc_flow_log_cloudwatch",
            "module.vpc.aws_iam_role_policy_attachment.vpc_flow_log_cloudwatch",
            "module.vpc.aws_internet_gateway.this",
            "module.vpc.aws_nat_gateway.this",
            "module.vpc.aws_network_acl.database",
            "module.vpc.aws_network_acl.elasticache",
            "module.vpc.aws_network_acl.intra",
            "module.vpc.aws_network_acl.outpost",
            "module.vpc.aws_network_acl.private",
            "module.vpc.aws_network_acl.public",
            "module.vpc.aws_network_acl.redshift",
            "module.vpc.aws_network_acl_rule.database_inbound",
            "module.vpc.aws_network_acl_rule.database_outbound",
            "module.vpc.aws_network_acl_rule.elasticache_inbound",
            "module.vpc.aws_network_acl_rule.elasticache_outbound",
            "module.vpc.aws_network_acl_rule.intra_inbound",
            "module.vpc.aws_network_acl_rule.intra_outbound",
            "module.vpc.aws_network_acl_rule.outpost_inbound",
            "module.vpc.aws_network_acl_rule.outpost_outbound",
            "module.vpc.aws_network_acl_rule.private_inbound",
            "module.vpc.aws_network_acl_rule.private_outbound",
            "module.vpc.aws_network_acl_rule.public_inbound",
            "module.vpc.aws_network_acl_rule.public_outbound",
            "module.vpc.aws_network_acl_rule.redshift_inbound",
            "module.vpc.aws_network_acl_rule.redshift_outbound",
            "module.vpc.aws_redshift_subnet_group.redshift",
            "module.vpc.aws_route.database_dns64_nat_gateway",
            "module.vpc.aws_route.database_internet_gateway",
            "module.vpc.aws_route.database_ipv6_egress",
            "module.vpc.aws_route.database_nat_gateway",
            "module.vpc.aws_route.private_dns64_nat_gateway",
            "module.vpc.aws_route.private_ipv6_egress",
            "module.vpc.aws_route.private_nat_gateway",
            "module.vpc.aws_route.public_internet_gateway",
            "module.vpc.aws_route.public_internet_gateway_ipv6",
            "module.vpc.aws_route_table.database",
            "module.vpc.aws_route_table.elasticache",
            "module.vpc.aws_route_table.intra",
            "module.vpc.aws_route_table.private",
            "module.vpc.aws_route_table.public",
            "module.vpc.aws_route_table.redshift",
            "module.vpc.aws_route_table_association.database",
            "module.vpc.aws_route_table_association.elasticache",
            "module.vpc.aws_route_table_association.intra",
            "module.vpc.aws_route_table_association.outpost",
            "module.vpc.aws_route_table_association.private",
            "module.vpc.aws_route_table_association.public",
            "module.vpc.aws_route_table_association.redshift",
            "module.vpc.aws_route_table_association.redshift_public",
            "module.vpc.aws_subnet.database",
            "module.vpc.aws_subnet.elasticache",
            "module.vpc.aws_subnet.intra",
            "module.vpc.aws_subnet.outpost",
            "module.vpc.aws_subnet.private",
            "module.vpc.aws_subnet.public",
            "module.vpc.aws_subnet.redshift",
            "module.vpc.aws_vpc.this",
            "module.vpc.aws_vpc_dhcp_options.this",
            "module.vpc.aws_vpc_dhcp_options_association.this",
            "module.vpc.aws_vpc_ipv4_cidr_block_association.this",
            "module.vpc.aws_vpn_gateway.this",
            "module.vpc.aws_vpn_gateway_attachment.this",
            "module.vpc.aws_vpn_gateway_route_propagation.intra",
            "module.vpc.aws_vpn_gateway_route_propagation.private",
            "module.vpc.aws_vpn_gateway_route_propagation.public",
            "module.vpc.data.aws_iam_policy_document.flow_log_cloudwatch_assume_role",
            "module.vpc.data.aws_iam_policy_document.vpc_flow_log_cloudwatch"
          ]
        }
      ]
    },
    {
      "mode": "managed",
      "type": "aws_eks_cluster",
      "name": "eks_cluster",
      "provider": "provider[\"registry.terraform.io/hashicorp/aws\"]",
      "instances": [
        {
          "schema_version": 1,
          "attributes": {
            "access_config": [
              {
                "authentication_mode": "CONFIG_MAP",
                "bootstrap_cluster_creator_admin_permissions": true
              }
            ],
            "arn": "arn:aws:eks:us-east-1:767398061335:cluster/Bhargav-Dev-eks-1",
            "bootstrap_self_managed_addons": true,
            "certificate_authority": [
              {
                "data": "LS0tLS1CRUdJTiBDRVJUSUZJQ0FURS0tLS0tCk1JSURCVENDQWUyZ0F3SUJBZ0lJS0cvaHczSlI3Mmt3RFFZSktvWklodmNOQVFFTEJRQXdGVEVUTUJFR0ExVUUKQXhNS2EzVmlaWEp1WlhSbGN6QWVGdzB5TkRBNU1qUXdPVEU0TlRsYUZ3MHpOREE1TWpJd09USXpOVGxhTUJVeApFekFSQmdOVkJBTVRDbXQxWW1WeWJtVjBaWE13Z2dFaU1BMEdDU3FHU0liM0RRRUJBUVVBQTRJQkR3QXdnZ0VLCkFvSUJBUUNxaWoxbHFBL0ozcW5TK0ZCMHhJUUVGWDB2UUdrTElaNDhlZHFSbkZMc0JMZXdiamt1RWRqcUNtYmEKT1hwcHhOSzN3SStidjFuSmVsNS9yNUhFOGc0MXJEMW1CYzJzOEc4SW5jZDhzMWtjSzAvd2djMk5Sb2tFdWQwYgpZb1RkeVBBcFIzazVTT0dWT3loc0Q0Wi9oQU16MDB2d1pJYWl3N3hUS3FIRERMR1ZTV0ZNL2JUNzRmcnlGQ1FFCmhqZU96ME8vZWI1cXc3aFJrZFNWUXBiVmxmdThwaVg5YllyeFBRWkpNeDNmTUVJTmhmTS9OTi8rV0pWRWZlUk4KQ20xV29KTXBKVCtHRkFuRFN6V3JmczRjcUVnMm9BdDlGM1hiUFRaTmNka0QzZlBLWFM0K2IzcncvRWhpeGV2RAo1N2xVNG55dXhqT0NTRDRjM3RhbTAzaVpuY1lSQWdNQkFBR2pXVEJYTUE0R0ExVWREd0VCL3dRRUF3SUNwREFQCkJnTlZIUk1CQWY4RUJUQURBUUgvTUIwR0ExVWREZ1FXQkJRNHRzNFFGOUZRditINXBIdEJsaHV1MGxnVmhqQVYKQmdOVkhSRUVEakFNZ2dwcmRXSmxjbTVsZEdWek1BMEdDU3FHU0liM0RRRUJDd1VBQTRJQkFRQkFuNWcyaEEveQpuaDlWZm9kTWdyNmc2ZExwYUc2bVM1YWtDbkRwTjNLeWlxZzVJc0xIc1RhcG5zLzZWZnpDNS9EYTRFbDgzSE9ZClEzV1NTNU93WVU2UVlQbC91V0d3U1h2Y1RCQmJaUnJXSURPWmdFV0poSFFURWl5bUorQytnN2Y5a3htOGVGbkgKVERDT2pMcEg2Q0FvZ0dLV21SeUtnWEliNmdtV0ZEVlVVd0lmNFZ5L2F5K3VvcGQ5K29EbzFLaklwRGFIclM1RApiVmxHOVZBeTR0Mzlya1J3aVgzSGdKcnQyNXorcVJrT1ZER21xOWw3cTloOStRekdhVGFpU29RQU1OY3FhT2RpCnEwWVRJam5ITWNzUlJCdTR1a3hjUDBKNys1L0VFdi9ZN3pWTGxLd2luSUpvWW5jcER6S3dBUHFiNzlPTXZNV1MKM0hCbFB6eitpUE5LCi0tLS0tRU5EIENFUlRJRklDQVRFLS0tLS0K"
              }
            ],
            "cluster_id": null,
            "created_at": "2024-09-24T09:18:20Z",
            "enabled_cluster_log_types": [
              "api",
              "audit",
              "authenticator",
              "controllerManager",
              "scheduler"
            ],
            "encryption_config": [],
            "endpoint": "https://11EA7ACC6424C131E01CE602E7AFA7D1.gr7.us-east-1.eks.amazonaws.com",
            "id": "Bhargav-Dev-eks-1",
            "identity": [
              {
                "oidc": [
                  {
                    "issuer": "https://oidc.eks.us-east-1.amazonaws.com/id/11EA7ACC6424C131E01CE602E7AFA7D1"
                  }
                ]
              }
            ],
            "kubernetes_network_config": [
              {
                "ip_family": "ipv4",
                "service_ipv4_cidr": "172.20.0.0/16",
                "service_ipv6_cidr": ""
              }
            ],
            "name": "Bhargav-Dev-eks-1",
            "outpost_config": [],
            "platform_version": "eks.8",
            "role_arn": "arn:aws:iam::767398061335:role/Bhargav-Dev-eks-master-role",
            "status": "ACTIVE",
            "tags": null,
            "tags_all": {},
            "timeouts": null,
            "upgrade_policy": [
              {
                "support_type": "EXTENDED"
              }
            ],
            "version": "1.30",
            "vpc_config": [
              {
                "cluster_security_group_id": "sg-0e3e6cd521be02746",
                "endpoint_private_access": false,
                "endpoint_public_access": true,
                "public_access_cidrs": [
                  "0.0.0.0/0"
                ],
                "security_group_ids": null,
                "subnet_ids": [
                  "subnet-055eab7d32a88e58d",
                  "subnet-078784bf2113bbff9"
                ],
                "vpc_id": "vpc-08a3afcb05ae574ea"
              }
            ]
          },
          "sensitive_attributes": [],
          "private": "eyJlMmJmYjczMC1lY2FhLTExZTYtOGY4OC0zNDM2M2JjN2M0YzAiOnsiY3JlYXRlIjoxODAwMDAwMDAwMDAwLCJkZWxldGUiOjkwMDAwMDAwMDAwMCwidXBkYXRlIjozNjAwMDAwMDAwMDAwfSwic2NoZW1hX3ZlcnNpb24iOiIxIn0=",
          "dependencies": [
            "aws_iam_role.eks_master_role",
            "aws_iam_role_policy_attachment.eks-AmazonEKSClusterPolicy",
            "aws_iam_role_policy_attachment.eks-AmazonEKSVPCResourceController",
            "data.aws_availability_zones.available",
            "module.vpc.aws_subnet.public",
            "module.vpc.aws_vpc.this",
            "module.vpc.aws_vpc_ipv4_cidr_block_association.this"
          ]
        }
      ]
    },
    {
      "mode": "managed",
      "type": "aws_eks_node_group",
      "name": "eks_ng_public",
      "provider": "provider[\"registry.terraform.io/hashicorp/aws\"]",
      "instances": [
        {
          "schema_version": 0,
          "attributes": {
            "ami_type": "AL2_x86_64",
            "arn": "arn:aws:eks:us-east-1:767398061335:nodegroup/Bhargav-Dev-eks-1/Bhargav-Dev-eks-ng-public/c8c911ae-22af-edfb-7827-19e93b424e9b",
            "capacity_type": "ON_DEMAND",
            "cluster_name": "Bhargav-Dev-eks-1",
            "disk_size": 20,
            "force_update_version": null,
            "id": "Bhargav-Dev-eks-1:Bhargav-Dev-eks-ng-public",
            "instance_types": [
              "t3.micro"
            ],
            "labels": null,
            "launch_template": [],
            "node_group_name": "Bhargav-Dev-eks-ng-public",
            "node_group_name_prefix": "",
            "node_role_arn": "arn:aws:iam::767398061335:role/Bhargav-Dev-eks-nodegroup-role",
            "release_version": "1.30.4-20240917",
            "remote_access": [
              {
                "ec2_ssh_key": "terraform-eks",
                "source_security_group_ids": null
              }
            ],
            "resources": [
              {
                "autoscaling_groups": [
                  {
                    "name": "eks-Bhargav-Dev-eks-ng-public-c8c911ae-22af-edfb-7827-19e93b424e9b"
                  }
                ],
                "remote_access_security_group_id": "sg-07dc2ac7875c35e76"
              }
            ],
            "scaling_config": [
              {
                "desired_size": 1,
                "max_size": 2,
                "min_size": 1
              }
            ],
            "status": "ACTIVE",
            "subnet_ids": [
              "subnet-055eab7d32a88e58d",
              "subnet-078784bf2113bbff9"
            ],
            "tags": {
              "Name": "Public-Node-Group"
            },
            "tags_all": {
              "Name": "Public-Node-Group"
            },
            "taint": [],
            "timeouts": null,
            "update_config": [
              {
                "max_unavailable": 1,
                "max_unavailable_percentage": 0
              }
            ],
            "version": "1.30"
          },
          "sensitive_attributes": [],
          "private": "eyJlMmJmYjczMC1lY2FhLTExZTYtOGY4OC0zNDM2M2JjN2M0YzAiOnsiY3JlYXRlIjozNjAwMDAwMDAwMDAwLCJkZWxldGUiOjM2MDAwMDAwMDAwMDAsInVwZGF0ZSI6MzYwMDAwMDAwMDAwMH19",
          "dependencies": [
            "aws_eks_cluster.eks_cluster",
            "aws_iam_role.eks_master_role",
            "aws_iam_role.eks_nodegroup_role",
            "aws_iam_role_policy_attachment.eks-AmazonEC2ContainerRegistryReadOnly",
            "aws_iam_role_policy_attachment.eks-AmazonEKSClusterPolicy",
            "aws_iam_role_policy_attachment.eks-AmazonEKSVPCResourceController",
            "aws_iam_role_policy_attachment.eks-AmazonEKSWorkerNodePolicy",
            "aws_iam_role_policy_attachment.eks-AmazonEKS_CNI_Policy",
            "data.aws_availability_zones.available",
            "module.vpc.aws_subnet.public",
            "module.vpc.aws_vpc.this",
            "module.vpc.aws_vpc_ipv4_cidr_block_association.this"
          ]
        }
      ]
    },
    {
      "mode": "managed",
      "type": "aws_iam_role",
      "name": "eks_master_role",
      "provider": "provider[\"registry.terraform.io/hashicorp/aws\"]",
      "instances": [
        {
          "schema_version": 0,
          "attributes": {
            "arn": "arn:aws:iam::767398061335:role/Bhargav-Dev-eks-master-role",
            "assume_role_policy": "{\"Statement\":[{\"Action\":\"sts:AssumeRole\",\"Effect\":\"Allow\",\"Principal\":{\"Service\":\"eks.amazonaws.com\"}}],\"Version\":\"2012-10-17\"}",
            "create_date": "2024-09-24T09:17:56Z",
            "description": "",
            "force_detach_policies": false,
            "id": "Bhargav-Dev-eks-master-role",
            "inline_policy": [],
            "managed_policy_arns": [],
            "max_session_duration": 3600,
            "name": "Bhargav-Dev-eks-master-role",
            "name_prefix": "",
            "path": "/",
            "permissions_boundary": "",
            "tags": null,
            "tags_all": {},
            "unique_id": "AROA3FLD5EULYTGV7KN67"
          },
          "sensitive_attributes": [],
          "private": "bnVsbA=="
        }
      ]
    },
    {
      "mode": "managed",
      "type": "aws_iam_role",
      "name": "eks_nodegroup_role",
      "provider": "provider[\"registry.terraform.io/hashicorp/aws\"]",
      "instances": [
        {
          "schema_version": 0,
          "attributes": {
            "arn": "arn:aws:iam::767398061335:role/Bhargav-Dev-eks-nodegroup-role",
            "assume_role_policy": "{\"Statement\":[{\"Action\":\"sts:AssumeRole\",\"Effect\":\"Allow\",\"Principal\":{\"Service\":\"ec2.amazonaws.com\"}}],\"Version\":\"2012-10-17\"}",
            "create_date": "2024-09-24T09:17:56Z",
            "description": "",
            "force_detach_policies": false,
            "id": "Bhargav-Dev-eks-nodegroup-role",
            "inline_policy": [],
            "managed_policy_arns": [],
            "max_session_duration": 3600,
            "name": "Bhargav-Dev-eks-nodegroup-role",
            "name_prefix": "",
            "path": "/",
            "permissions_boundary": "",
            "tags": null,
            "tags_all": {},
            "unique_id": "AROA3FLD5EULT2SPP75IC"
          },
          "sensitive_attributes": [],
          "private": "bnVsbA=="
        }
      ]
    },
    {
      "mode": "managed",
      "type": "aws_iam_role_policy_attachment",
      "name": "eks-AmazonEC2ContainerRegistryReadOnly",
      "provider": "provider[\"registry.terraform.io/hashicorp/aws\"]",
      "instances": [
        {
          "schema_version": 0,
          "attributes": {
            "id": "Bhargav-Dev-eks-nodegroup-role-20240924091756775300000005",
            "policy_arn": "arn:aws:iam::aws:policy/AmazonEC2ContainerRegistryReadOnly",
            "role": "Bhargav-Dev-eks-nodegroup-role"
          },
          "sensitive_attributes": [],
          "private": "bnVsbA==",
          "dependencies": [
            "aws_iam_role.eks_nodegroup_role"
          ]
        }
      ]
    },
    {
      "mode": "managed",
      "type": "aws_iam_role_policy_attachment",
      "name": "eks-AmazonEKSClusterPolicy",
      "provider": "provider[\"registry.terraform.io/hashicorp/aws\"]",
      "instances": [
        {
          "schema_version": 0,
          "attributes": {
            "id": "Bhargav-Dev-eks-master-role-20240924091756654000000002",
            "policy_arn": "arn:aws:iam::aws:policy/AmazonEKSClusterPolicy",
            "role": "Bhargav-Dev-eks-master-role"
          },
          "sensitive_attributes": [],
          "private": "bnVsbA==",
          "dependencies": [
            "aws_iam_role.eks_master_role"
          ]
        }
      ]
    },
    {
      "mode": "managed",
      "type": "aws_iam_role_policy_attachment",
      "name": "eks-AmazonEKSVPCResourceController",
      "provider": "provider[\"registry.terraform.io/hashicorp/aws\"]",
      "instances": [
        {
          "schema_version": 0,
          "attributes": {
            "id": "Bhargav-Dev-eks-master-role-20240924091756635100000001",
            "policy_arn": "arn:aws:iam::aws:policy/AmazonEKSVPCResourceController",
            "role": "Bhargav-Dev-eks-master-role"
          },
          "sensitive_attributes": [],
          "private": "bnVsbA==",
          "dependencies": [
            "aws_iam_role.eks_master_role"
          ]
        }
      ]
    },
    {
      "mode": "managed",
      "type": "aws_iam_role_policy_attachment",
      "name": "eks-AmazonEKSWorkerNodePolicy",
      "provider": "provider[\"registry.terraform.io/hashicorp/aws\"]",
      "instances": [
        {
          "schema_version": 0,
          "attributes": {
            "id": "Bhargav-Dev-eks-nodegroup-role-20240924091756681300000003",
            "policy_arn": "arn:aws:iam::aws:policy/AmazonEKSWorkerNodePolicy",
            "role": "Bhargav-Dev-eks-nodegroup-role"
          },
          "sensitive_attributes": [],
          "private": "bnVsbA==",
          "dependencies": [
            "aws_iam_role.eks_nodegroup_role"
          ]
        }
      ]
    },
    {
      "mode": "managed",
      "type": "aws_iam_role_policy_attachment",
      "name": "eks-AmazonEKS_CNI_Policy",
      "provider": "provider[\"registry.terraform.io/hashicorp/aws\"]",
      "instances": [
        {
          "schema_version": 0,
          "attributes": {
            "id": "Bhargav-Dev-eks-nodegroup-role-20240924091756718500000004",
            "policy_arn": "arn:aws:iam::aws:policy/AmazonEKS_CNI_Policy",
            "role": "Bhargav-Dev-eks-nodegroup-role"
          },
          "sensitive_attributes": [],
          "private": "bnVsbA==",
          "dependencies": [
            "aws_iam_role.eks_nodegroup_role"
          ]
        }
      ]
    },
    {
      "mode": "managed",
      "type": "null_resource",
      "name": "copy_ec2_keys",
      "provider": "provider[\"registry.terraform.io/hashicorp/null\"]",
      "instances": [
        {
          "schema_version": 0,
          "attributes": {
            "id": "921098051344940160",
            "triggers": null
          },
          "sensitive_attributes": [],
          "dependencies": [
            "aws_eip.bastion_eip",
            "data.aws_ami.amzlinux2",
            "data.aws_availability_zones.available",
            "module.ec2_public.aws_iam_instance_profile.this",
            "module.ec2_public.aws_iam_role.this",
            "module.ec2_public.aws_iam_role_policy_attachment.this",
            "module.ec2_public.aws_instance.ignore_ami",
            "module.ec2_public.aws_instance.this",
            "module.ec2_public.aws_spot_instance_request.this",
            "module.ec2_public.data.aws_iam_policy_document.assume_role_policy",
            "module.ec2_public.data.aws_partition.current",
            "module.ec2_public.data.aws_ssm_parameter.this",
            "module.public_bastion_sg.aws_security_group.this",
            "module.public_bastion_sg.aws_security_group.this_name_prefix",
            "module.vpc.aws_cloudwatch_log_group.flow_log",
            "module.vpc.aws_customer_gateway.this",
            "module.vpc.aws_db_subnet_group.database",
            "module.vpc.aws_default_network_acl.this",
            "module.vpc.aws_default_route_table.default",
            "module.vpc.aws_default_security_group.this",
            "module.vpc.aws_default_vpc.this",
            "module.vpc.aws_egress_only_internet_gateway.this",
            "module.vpc.aws_eip.nat",
            "module.vpc.aws_elasticache_subnet_group.elasticache",
            "module.vpc.aws_flow_log.this",
            "module.vpc.aws_iam_policy.vpc_flow_log_cloudwatch",
            "module.vpc.aws_iam_role.vpc_flow_log_cloudwatch",
            "module.vpc.aws_iam_role_policy_attachment.vpc_flow_log_cloudwatch",
            "module.vpc.aws_internet_gateway.this",
            "module.vpc.aws_nat_gateway.this",
            "module.vpc.aws_network_acl.database",
            "module.vpc.aws_network_acl.elasticache",
            "module.vpc.aws_network_acl.intra",
            "module.vpc.aws_network_acl.outpost",
            "module.vpc.aws_network_acl.private",
            "module.vpc.aws_network_acl.public",
            "module.vpc.aws_network_acl.redshift",
            "module.vpc.aws_network_acl_rule.database_inbound",
            "module.vpc.aws_network_acl_rule.database_outbound",
            "module.vpc.aws_network_acl_rule.elasticache_inbound",
            "module.vpc.aws_network_acl_rule.elasticache_outbound",
            "module.vpc.aws_network_acl_rule.intra_inbound",
            "module.vpc.aws_network_acl_rule.intra_outbound",
            "module.vpc.aws_network_acl_rule.outpost_inbound",
            "module.vpc.aws_network_acl_rule.outpost_outbound",
            "module.vpc.aws_network_acl_rule.private_inbound",
            "module.vpc.aws_network_acl_rule.private_outbound",
            "module.vpc.aws_network_acl_rule.public_inbound",
            "module.vpc.aws_network_acl_rule.public_outbound",
            "module.vpc.aws_network_acl_rule.redshift_inbound",
            "module.vpc.aws_network_acl_rule.redshift_outbound",
            "module.vpc.aws_redshift_subnet_group.redshift",
            "module.vpc.aws_route.database_dns64_nat_gateway",
            "module.vpc.aws_route.database_internet_gateway",
            "module.vpc.aws_route.database_ipv6_egress",
            "module.vpc.aws_route.database_nat_gateway",
            "module.vpc.aws_route.private_dns64_nat_gateway",
            "module.vpc.aws_route.private_ipv6_egress",
            "module.vpc.aws_route.private_nat_gateway",
            "module.vpc.aws_route.public_internet_gateway",
            "module.vpc.aws_route.public_internet_gateway_ipv6",
            "module.vpc.aws_route_table.database",
            "module.vpc.aws_route_table.elasticache",
            "module.vpc.aws_route_table.intra",
            "module.vpc.aws_route_table.private",
            "module.vpc.aws_route_table.public",
            "module.vpc.aws_route_table.redshift",
            "module.vpc.aws_route_table_association.database",
            "module.vpc.aws_route_table_association.elasticache",
            "module.vpc.aws_route_table_association.intra",
            "module.vpc.aws_route_table_association.outpost",
            "module.vpc.aws_route_table_association.private",
            "module.vpc.aws_route_table_association.public",
            "module.vpc.aws_route_table_association.redshift",
            "module.vpc.aws_route_table_association.redshift_public",
            "module.vpc.aws_subnet.database",
            "module.vpc.aws_subnet.elasticache",
            "module.vpc.aws_subnet.intra",
            "module.vpc.aws_subnet.outpost",
            "module.vpc.aws_subnet.private",
            "module.vpc.aws_subnet.public",
            "module.vpc.aws_subnet.redshift",
            "module.vpc.aws_vpc.this",
            "module.vpc.aws_vpc_dhcp_options.this",
            "module.vpc.aws_vpc_dhcp_options_association.this",
            "module.vpc.aws_vpc_ipv4_cidr_block_association.this",
            "module.vpc.aws_vpn_gateway.this",
            "module.vpc.aws_vpn_gateway_attachment.this",
            "module.vpc.aws_vpn_gateway_route_propagation.intra",
            "module.vpc.aws_vpn_gateway_route_propagation.private",
            "module.vpc.aws_vpn_gateway_route_propagation.public",
            "module.vpc.data.aws_iam_policy_document.flow_log_cloudwatch_assume_role",
            "module.vpc.data.aws_iam_policy_document.vpc_flow_log_cloudwatch"
          ]
        }
      ]
    },
    {
      "module": "module.ec2_public",
      "mode": "data",
      "type": "aws_partition",
      "name": "current",
      "provider": "provider[\"registry.terraform.io/hashicorp/aws\"]",
      "instances": [
        {
          "schema_version": 0,
          "attributes": {
            "dns_suffix": "amazonaws.com",
            "id": "aws",
            "partition": "aws",
            "reverse_dns_prefix": "com.amazonaws"
          },
          "sensitive_attributes": []
        }
      ]
    },
    {
      "module": "module.ec2_public",
      "mode": "managed",
      "type": "aws_instance",
      "name": "this",
      "provider": "provider[\"registry.terraform.io/hashicorp/aws\"]",
      "instances": [
        {
          "index_key": 0,
          "schema_version": 1,
          "attributes": {
            "ami": "ami-052b9fbb6949f883a",
            "arn": "arn:aws:ec2:us-east-1:767398061335:instance/i-0e8ba4d83b5bf2680",
            "associate_public_ip_address": true,
            "availability_zone": "us-east-1a",
            "capacity_reservation_specification": [
              {
                "capacity_reservation_preference": "open",
                "capacity_reservation_target": []
              }
            ],
            "cpu_core_count": 1,
            "cpu_options": [
              {
                "amd_sev_snp": "",
                "core_count": 1,
                "threads_per_core": 1
              }
            ],
            "cpu_threads_per_core": 1,
            "credit_specification": [
              {
                "cpu_credits": "standard"
              }
            ],
            "disable_api_stop": false,
            "disable_api_termination": false,
            "ebs_block_device": [],
            "ebs_optimized": false,
            "enclave_options": [
              {
                "enabled": false
              }
            ],
            "ephemeral_block_device": [],
            "get_password_data": false,
            "hibernation": false,
            "host_id": "",
            "host_resource_group_arn": null,
            "iam_instance_profile": "",
            "id": "i-0e8ba4d83b5bf2680",
            "instance_initiated_shutdown_behavior": "stop",
            "instance_lifecycle": "",
            "instance_market_options": [],
            "instance_state": "running",
            "instance_type": "t2.micro",
            "ipv6_address_count": 0,
            "ipv6_addresses": [],
            "key_name": "terraform-eks",
            "launch_template": [],
            "maintenance_options": [
              {
                "auto_recovery": "default"
              }
            ],
            "metadata_options": [
              {
                "http_endpoint": "enabled",
                "http_protocol_ipv6": "disabled",
                "http_put_response_hop_limit": 1,
                "http_tokens": "optional",
                "instance_metadata_tags": "disabled"
              }
            ],
            "monitoring": false,
            "network_interface": [],
            "outpost_arn": "",
            "password_data": "",
            "placement_group": "",
            "placement_partition_number": 0,
            "primary_network_interface_id": "eni-0025232033ede2f6a",
            "private_dns": "ip-10-0-101-112.ec2.internal",
            "private_dns_name_options": [
              {
                "enable_resource_name_dns_a_record": false,
                "enable_resource_name_dns_aaaa_record": false,
                "hostname_type": "ip-name"
              }
            ],
            "private_ip": "10.0.101.112",
            "public_dns": "ec2-98-81-90-166.compute-1.amazonaws.com",
            "public_ip": "98.81.90.166",
            "root_block_device": [
              {
                "delete_on_termination": true,
                "device_name": "/dev/xvda",
                "encrypted": false,
                "iops": 100,
                "kms_key_id": "",
                "tags": {},
                "tags_all": {},
                "throughput": 0,
                "volume_id": "vol-0c71e0ad7eb2dad30",
                "volume_size": 8,
                "volume_type": "gp2"
              }
            ],
            "secondary_private_ips": [],
            "security_groups": [],
            "source_dest_check": true,
            "spot_instance_request_id": "",
            "subnet_id": "subnet-078784bf2113bbff9",
            "tags": {
              "Name": "Bhargav-Dev-BastionHost",
              "environment": "Dev",
              "owners": "Bhargav"
            },
            "tags_all": {
              "Name": "Bhargav-Dev-BastionHost",
              "environment": "Dev",
              "owners": "Bhargav"
            },
            "tenancy": "default",
            "timeouts": {
              "create": null,
              "delete": null,
              "read": null,
              "update": null
            },
            "user_data": null,
            "user_data_base64": null,
            "user_data_replace_on_change": false,
            "volume_tags": {
              "Name": "Bhargav-Dev-BastionHost"
            },
            "vpc_security_group_ids": [
              "sg-05c85fa27790a9e06"
            ]
          },
          "sensitive_attributes": [],
          "private": "eyJlMmJmYjczMC1lY2FhLTExZTYtOGY4OC0zNDM2M2JjN2M0YzAiOnsiY3JlYXRlIjo2MDAwMDAwMDAwMDAsImRlbGV0ZSI6MTIwMDAwMDAwMDAwMCwicmVhZCI6OTAwMDAwMDAwMDAwLCJ1cGRhdGUiOjYwMDAwMDAwMDAwMH0sInNjaGVtYV92ZXJzaW9uIjoiMSJ9",
          "dependencies": [
            "data.aws_ami.amzlinux2",
            "data.aws_availability_zones.available",
            "module.ec2_public.aws_iam_instance_profile.this",
            "module.ec2_public.aws_iam_role.this",
            "module.ec2_public.data.aws_iam_policy_document.assume_role_policy",
            "module.ec2_public.data.aws_partition.current",
            "module.ec2_public.data.aws_ssm_parameter.this",
            "module.public_bastion_sg.aws_security_group.this",
            "module.public_bastion_sg.aws_security_group.this_name_prefix",
            "module.vpc.aws_subnet.public",
            "module.vpc.aws_vpc.this",
            "module.vpc.aws_vpc_ipv4_cidr_block_association.this"
          ]
        }
      ]
    },
    {
      "module": "module.public_bastion_sg",
      "mode": "managed",
      "type": "aws_security_group",
      "name": "this_name_prefix",
      "provider": "provider[\"registry.terraform.io/hashicorp/aws\"]",
      "instances": [
        {
          "index_key": 0,
          "schema_version": 1,
          "attributes": {
            "arn": "arn:aws:ec2:us-east-1:767398061335:security-group/sg-05c85fa27790a9e06",
            "description": "Security Group with SSH port open for everybody (IPv4 CIDR), egress ports are all world open",
            "egress": [],
            "id": "sg-05c85fa27790a9e06",
            "ingress": [],
            "name": "Bhargav-Dev-public-bastion-sg-20240924091808179000000009",
            "name_prefix": "Bhargav-Dev-public-bastion-sg-",
            "owner_id": "767398061335",
            "revoke_rules_on_delete": false,
            "tags": {
              "Name": "Bhargav-Dev-public-bastion-sg",
              "environment": "Dev",
              "owners": "Bhargav"
            },
            "tags_all": {
              "Name": "Bhargav-Dev-public-bastion-sg",
              "environment": "Dev",
              "owners": "Bhargav"
            },
            "timeouts": {
              "create": "10m",
              "delete": "15m"
            },
            "vpc_id": "vpc-08a3afcb05ae574ea"
          },
          "sensitive_attributes": [],
          "private": "eyJlMmJmYjczMC1lY2FhLTExZTYtOGY4OC0zNDM2M2JjN2M0YzAiOnsiY3JlYXRlIjo2MDAwMDAwMDAwMDAsImRlbGV0ZSI6OTAwMDAwMDAwMDAwfSwic2NoZW1hX3ZlcnNpb24iOiIxIn0=",
          "dependencies": [
            "module.vpc.aws_vpc.this"
          ],
          "create_before_destroy": true
        }
      ]
    },
    {
      "module": "module.public_bastion_sg",
      "mode": "managed",
      "type": "aws_security_group_rule",
      "name": "egress_rules",
      "provider": "provider[\"registry.terraform.io/hashicorp/aws\"]",
      "instances": [
        {
          "index_key": 0,
          "schema_version": 2,
          "attributes": {
            "cidr_blocks": [
              "0.0.0.0/0"
            ],
            "description": "All protocols",
            "from_port": -1,
            "id": "sgrule-3683755813",
            "ipv6_cidr_blocks": [
              "::/0"
            ],
            "prefix_list_ids": [],
            "protocol": "-1",
            "security_group_id": "sg-05c85fa27790a9e06",
            "security_group_rule_id": "",
            "self": false,
            "source_security_group_id": null,
            "timeouts": null,
            "to_port": -1,
            "type": "egress"
          },
          "sensitive_attributes": [],
          "private": "eyJlMmJmYjczMC1lY2FhLTExZTYtOGY4OC0zNDM2M2JjN2M0YzAiOnsiY3JlYXRlIjozMDAwMDAwMDAwMDB9LCJzY2hlbWFfdmVyc2lvbiI6IjIifQ==",
          "dependencies": [
            "module.public_bastion_sg.aws_security_group.this",
            "module.public_bastion_sg.aws_security_group.this_name_prefix",
            "module.vpc.aws_vpc.this"
          ]
        }
      ]
    },
    {
      "module": "module.public_bastion_sg",
      "mode": "managed",
      "type": "aws_security_group_rule",
      "name": "ingress_rules",
      "provider": "provider[\"registry.terraform.io/hashicorp/aws\"]",
      "instances": [
        {
          "index_key": 0,
          "schema_version": 2,
          "attributes": {
            "cidr_blocks": [
              "0.0.0.0/0"
            ],
            "description": "SSH",
            "from_port": 22,
            "id": "sgrule-2457853942",
            "ipv6_cidr_blocks": [],
            "prefix_list_ids": [],
            "protocol": "tcp",
            "security_group_id": "sg-05c85fa27790a9e06",
            "security_group_rule_id": "sgr-0eaf8533ad4aa260d",
            "self": false,
            "source_security_group_id": null,
            "timeouts": null,
            "to_port": 22,
            "type": "ingress"
          },
          "sensitive_attributes": [],
          "private": "eyJlMmJmYjczMC1lY2FhLTExZTYtOGY4OC0zNDM2M2JjN2M0YzAiOnsiY3JlYXRlIjozMDAwMDAwMDAwMDB9LCJzY2hlbWFfdmVyc2lvbiI6IjIifQ==",
          "dependencies": [
            "module.public_bastion_sg.aws_security_group.this",
            "module.public_bastion_sg.aws_security_group.this_name_prefix",
            "module.vpc.aws_vpc.this"
          ]
        }
      ]
    },
    {
      "module": "module.vpc",
      "mode": "managed",
      "type": "aws_db_subnet_group",
      "name": "database",
      "provider": "provider[\"registry.terraform.io/hashicorp/aws\"]",
      "instances": [
        {
          "index_key": 0,
          "schema_version": 0,
          "attributes": {
            "arn": "arn:aws:rds:us-east-1:767398061335:subgrp:bhargav-dev-eks-1",
            "description": "Database subnet group for Bhargav-Dev-eks-1",
            "id": "bhargav-dev-eks-1",
            "name": "bhargav-dev-eks-1",
            "name_prefix": "",
            "subnet_ids": [
              "subnet-049e47f571b8bdf4e",
              "subnet-09e455c022b964176"
            ],
            "supported_network_types": [
              "IPV4"
            ],
            "tags": {
              "Name": "bhargav-dev-eks-1",
              "environment": "Dev",
              "owners": "Bhargav"
            },
            "tags_all": {
              "Name": "bhargav-dev-eks-1",
              "environment": "Dev",
              "owners": "Bhargav"
            },
            "vpc_id": "vpc-08a3afcb05ae574ea"
          },
          "sensitive_attributes": [],
          "private": "bnVsbA==",
          "dependencies": [
            "data.aws_availability_zones.available",
            "module.vpc.aws_subnet.database",
            "module.vpc.aws_vpc.this",
            "module.vpc.aws_vpc_ipv4_cidr_block_association.this"
          ]
        }
      ]
    },
    {
      "module": "module.vpc",
      "mode": "managed",
      "type": "aws_default_network_acl",
      "name": "this",
      "provider": "provider[\"registry.terraform.io/hashicorp/aws\"]",
      "instances": [
        {
          "index_key": 0,
          "schema_version": 0,
          "attributes": {
            "arn": "arn:aws:ec2:us-east-1:767398061335:network-acl/acl-0c786b57d45eafcfc",
            "default_network_acl_id": "acl-0c786b57d45eafcfc",
            "egress": [
              {
                "action": "allow",
                "cidr_block": "",
                "from_port": 0,
                "icmp_code": null,
                "icmp_type": null,
                "ipv6_cidr_block": "::/0",
                "protocol": "-1",
                "rule_no": 101,
                "to_port": 0
              },
              {
                "action": "allow",
                "cidr_block": "0.0.0.0/0",
                "from_port": 0,
                "icmp_code": null,
                "icmp_type": null,
                "ipv6_cidr_block": "",
                "protocol": "-1",
                "rule_no": 100,
                "to_port": 0
              }
            ],
            "id": "acl-0c786b57d45eafcfc",
            "ingress": [
              {
                "action": "allow",
                "cidr_block": "",
                "from_port": 0,
                "icmp_code": null,
                "icmp_type": null,
                "ipv6_cidr_block": "::/0",
                "protocol": "-1",
                "rule_no": 101,
                "to_port": 0
              },
              {
                "action": "allow",
                "cidr_block": "0.0.0.0/0",
                "from_port": 0,
                "icmp_code": null,
                "icmp_type": null,
                "ipv6_cidr_block": "",
                "protocol": "-1",
                "rule_no": 100,
                "to_port": 0
              }
            ],
            "owner_id": "767398061335",
            "subnet_ids": [
              "subnet-049e47f571b8bdf4e",
              "subnet-055eab7d32a88e58d",
              "subnet-078784bf2113bbff9",
              "subnet-08886dc08688aaaf5",
              "subnet-09e455c022b964176",
              "subnet-0d8dc89cee514431b"
            ],
            "tags": {
              "Name": "Bhargav-Dev-eks-1-default",
              "environment": "Dev",
              "owners": "Bhargav"
            },
            "tags_all": {
              "Name": "Bhargav-Dev-eks-1-default",
              "environment": "Dev",
              "owners": "Bhargav"
            },
            "vpc_id": "vpc-08a3afcb05ae574ea"
          },
          "sensitive_attributes": [],
          "private": "bnVsbA==",
          "dependencies": [
            "module.vpc.aws_vpc.this"
          ]
        }
      ]
    },
    {
      "module": "module.vpc",
      "mode": "managed",
      "type": "aws_default_route_table",
      "name": "default",
      "provider": "provider[\"registry.terraform.io/hashicorp/aws\"]",
      "instances": [
        {
          "index_key": 0,
          "schema_version": 0,
          "attributes": {
            "arn": "arn:aws:ec2:us-east-1:767398061335:route-table/rtb-0c0c04eeed36fef9a",
            "default_route_table_id": "rtb-0c0c04eeed36fef9a",
            "id": "rtb-0c0c04eeed36fef9a",
            "owner_id": "767398061335",
            "propagating_vgws": null,
            "route": [],
            "tags": {
              "Name": "Bhargav-Dev-eks-1-default",
              "environment": "Dev",
              "owners": "Bhargav"
            },
            "tags_all": {
              "Name": "Bhargav-Dev-eks-1-default",
              "environment": "Dev",
              "owners": "Bhargav"
            },
            "timeouts": {
              "create": "5m",
              "update": "5m"
            },
            "vpc_id": "vpc-08a3afcb05ae574ea"
          },
          "sensitive_attributes": [],
          "private": "eyJlMmJmYjczMC1lY2FhLTExZTYtOGY4OC0zNDM2M2JjN2M0YzAiOnsiY3JlYXRlIjozMDAwMDAwMDAwMDAsInVwZGF0ZSI6MzAwMDAwMDAwMDAwfX0=",
          "dependencies": [
            "module.vpc.aws_vpc.this"
          ]
        }
      ]
    },
    {
      "module": "module.vpc",
      "mode": "managed",
      "type": "aws_default_security_group",
      "name": "this",
      "provider": "provider[\"registry.terraform.io/hashicorp/aws\"]",
      "instances": [
        {
          "index_key": 0,
          "schema_version": 1,
          "attributes": {
            "arn": "arn:aws:ec2:us-east-1:767398061335:security-group/sg-01f3e8be0c36fdc5b",
            "description": "default VPC security group",
            "egress": [],
            "id": "sg-01f3e8be0c36fdc5b",
            "ingress": [],
            "name": "default",
            "name_prefix": "",
            "owner_id": "767398061335",
            "revoke_rules_on_delete": false,
            "tags": {
              "Name": "Bhargav-Dev-eks-1-default",
              "environment": "Dev",
              "owners": "Bhargav"
            },
            "tags_all": {
              "Name": "Bhargav-Dev-eks-1-default",
              "environment": "Dev",
              "owners": "Bhargav"
            },
            "vpc_id": "vpc-08a3afcb05ae574ea"
          },
          "sensitive_attributes": [],
          "private": "eyJzY2hlbWFfdmVyc2lvbiI6IjEifQ==",
          "dependencies": [
            "module.vpc.aws_vpc.this"
          ]
        }
      ]
    },
    {
      "module": "module.vpc",
      "mode": "managed",
      "type": "aws_eip",
      "name": "nat",
      "provider": "provider[\"registry.terraform.io/hashicorp/aws\"]",
      "instances": [
        {
          "index_key": 0,
          "schema_version": 0,
          "attributes": {
            "address": null,
            "allocation_id": "eipalloc-0724c53f5ae8e50dd",
            "arn": "arn:aws:ec2:us-east-1:767398061335:elastic-ip/eipalloc-0724c53f5ae8e50dd",
            "associate_with_private_ip": null,
            "association_id": "",
            "carrier_ip": "",
            "customer_owned_ip": "",
            "customer_owned_ipv4_pool": "",
            "domain": "vpc",
            "id": "eipalloc-0724c53f5ae8e50dd",
            "instance": "",
            "network_border_group": "us-east-1",
            "network_interface": "",
            "private_dns": null,
            "private_ip": "",
            "ptr_record": "",
            "public_dns": "ec2-52-4-212-245.compute-1.amazonaws.com",
            "public_ip": "52.4.212.245",
            "public_ipv4_pool": "amazon",
            "tags": {
              "Name": "Bhargav-Dev-eks-1-us-east-1a",
              "environment": "Dev",
              "owners": "Bhargav"
            },
            "tags_all": {
              "Name": "Bhargav-Dev-eks-1-us-east-1a",
              "environment": "Dev",
              "owners": "Bhargav"
            },
            "timeouts": null,
            "vpc": true
          },
          "sensitive_attributes": [],
          "private": "eyJlMmJmYjczMC1lY2FhLTExZTYtOGY4OC0zNDM2M2JjN2M0YzAiOnsiZGVsZXRlIjoxODAwMDAwMDAwMDAsInJlYWQiOjkwMDAwMDAwMDAwMCwidXBkYXRlIjozMDAwMDAwMDAwMDB9fQ==",
          "dependencies": [
            "data.aws_availability_zones.available",
            "module.vpc.aws_internet_gateway.this",
            "module.vpc.aws_vpc.this",
            "module.vpc.aws_vpc_ipv4_cidr_block_association.this"
          ]
        }
      ]
    },
    {
      "module": "module.vpc",
      "mode": "managed",
      "type": "aws_internet_gateway",
      "name": "this",
      "provider": "provider[\"registry.terraform.io/hashicorp/aws\"]",
      "instances": [
        {
          "index_key": 0,
          "schema_version": 0,
          "attributes": {
            "arn": "arn:aws:ec2:us-east-1:767398061335:internet-gateway/igw-05aff6b6338a77f8d",
            "id": "igw-05aff6b6338a77f8d",
            "owner_id": "767398061335",
            "tags": {
              "Name": "Bhargav-Dev-eks-1",
              "environment": "Dev",
              "owners": "Bhargav"
            },
            "tags_all": {
              "Name": "Bhargav-Dev-eks-1",
              "environment": "Dev",
              "owners": "Bhargav"
            },
            "timeouts": null,
            "vpc_id": "vpc-08a3afcb05ae574ea"
          },
          "sensitive_attributes": [],
          "private": "eyJlMmJmYjczMC1lY2FhLTExZTYtOGY4OC0zNDM2M2JjN2M0YzAiOnsiY3JlYXRlIjoxMjAwMDAwMDAwMDAwLCJkZWxldGUiOjEyMDAwMDAwMDAwMDAsInVwZGF0ZSI6MTIwMDAwMDAwMDAwMH19",
          "dependencies": [
            "module.vpc.aws_vpc.this",
            "module.vpc.aws_vpc_ipv4_cidr_block_association.this"
          ]
        }
      ]
    },
    {
      "module": "module.vpc",
      "mode": "managed",
      "type": "aws_nat_gateway",
      "name": "this",
      "provider": "provider[\"registry.terraform.io/hashicorp/aws\"]",
      "instances": [
        {
          "index_key": 0,
          "schema_version": 0,
          "attributes": {
            "allocation_id": "eipalloc-0724c53f5ae8e50dd",
            "association_id": "eipassoc-01a1f61d77625c8df",
            "connectivity_type": "public",
            "id": "nat-011e0380afbebfabf",
            "network_interface_id": "eni-058673682089fb7d4",
            "private_ip": "10.0.101.248",
            "public_ip": "52.4.212.245",
            "secondary_allocation_ids": null,
            "secondary_private_ip_address_count": 0,
            "secondary_private_ip_addresses": [],
            "subnet_id": "subnet-078784bf2113bbff9",
            "tags": {
              "Name": "Bhargav-Dev-eks-1-us-east-1a",
              "environment": "Dev",
              "owners": "Bhargav"
            },
            "tags_all": {
              "Name": "Bhargav-Dev-eks-1-us-east-1a",
              "environment": "Dev",
              "owners": "Bhargav"
            },
            "timeouts": null
          },
          "sensitive_attributes": [],
          "private": "eyJlMmJmYjczMC1lY2FhLTExZTYtOGY4OC0zNDM2M2JjN2M0YzAiOnsiY3JlYXRlIjo2MDAwMDAwMDAwMDAsImRlbGV0ZSI6MTgwMDAwMDAwMDAwMCwidXBkYXRlIjo2MDAwMDAwMDAwMDB9fQ==",
          "dependencies": [
            "data.aws_availability_zones.available",
            "module.vpc.aws_eip.nat",
            "module.vpc.aws_internet_gateway.this",
            "module.vpc.aws_subnet.public",
            "module.vpc.aws_vpc.this",
            "module.vpc.aws_vpc_ipv4_cidr_block_association.this"
          ]
        }
      ]
    },
    {
      "module": "module.vpc",
      "mode": "managed",
      "type": "aws_route",
      "name": "private_nat_gateway",
      "provider": "provider[\"registry.terraform.io/hashicorp/aws\"]",
      "instances": [
        {
          "index_key": 0,
          "schema_version": 0,
          "attributes": {
            "carrier_gateway_id": "",
            "core_network_arn": "",
            "destination_cidr_block": "0.0.0.0/0",
            "destination_ipv6_cidr_block": "",
            "destination_prefix_list_id": "",
            "egress_only_gateway_id": "",
            "gateway_id": "",
            "id": "r-rtb-01533efbf6c3b13bc1080289494",
            "instance_id": "",
            "instance_owner_id": "",
            "local_gateway_id": "",
            "nat_gateway_id": "nat-011e0380afbebfabf",
            "network_interface_id": "",
            "origin": "CreateRoute",
            "route_table_id": "rtb-01533efbf6c3b13bc",
            "state": "active",
            "timeouts": {
              "create": "5m",
              "delete": null,
              "update": null
            },
            "transit_gateway_id": "",
            "vpc_endpoint_id": "",
            "vpc_peering_connection_id": ""
          },
          "sensitive_attributes": [],
          "private": "eyJlMmJmYjczMC1lY2FhLTExZTYtOGY4OC0zNDM2M2JjN2M0YzAiOnsiY3JlYXRlIjozMDAwMDAwMDAwMDAsImRlbGV0ZSI6MzAwMDAwMDAwMDAwLCJ1cGRhdGUiOjEyMDAwMDAwMDAwMH19",
          "dependencies": [
            "data.aws_availability_zones.available",
            "module.vpc.aws_eip.nat",
            "module.vpc.aws_internet_gateway.this",
            "module.vpc.aws_nat_gateway.this",
            "module.vpc.aws_route_table.private",
            "module.vpc.aws_subnet.public",
            "module.vpc.aws_vpc.this",
            "module.vpc.aws_vpc_ipv4_cidr_block_association.this"
          ]
        }
      ]
    },
    {
      "module": "module.vpc",
      "mode": "managed",
      "type": "aws_route",
      "name": "public_internet_gateway",
      "provider": "provider[\"registry.terraform.io/hashicorp/aws\"]",
      "instances": [
        {
          "index_key": 0,
          "schema_version": 0,
          "attributes": {
            "carrier_gateway_id": "",
            "core_network_arn": "",
            "destination_cidr_block": "0.0.0.0/0",
            "destination_ipv6_cidr_block": "",
            "destination_prefix_list_id": "",
            "egress_only_gateway_id": "",
            "gateway_id": "igw-05aff6b6338a77f8d",
            "id": "r-rtb-0a79e662206567aed1080289494",
            "instance_id": "",
            "instance_owner_id": "",
            "local_gateway_id": "",
            "nat_gateway_id": "",
            "network_interface_id": "",
            "origin": "CreateRoute",
            "route_table_id": "rtb-0a79e662206567aed",
            "state": "active",
            "timeouts": {
              "create": "5m",
              "delete": null,
              "update": null
            },
            "transit_gateway_id": "",
            "vpc_endpoint_id": "",
            "vpc_peering_connection_id": ""
          },
          "sensitive_attributes": [],
          "private": "eyJlMmJmYjczMC1lY2FhLTExZTYtOGY4OC0zNDM2M2JjN2M0YzAiOnsiY3JlYXRlIjozMDAwMDAwMDAwMDAsImRlbGV0ZSI6MzAwMDAwMDAwMDAwLCJ1cGRhdGUiOjEyMDAwMDAwMDAwMH19",
          "dependencies": [
            "module.vpc.aws_internet_gateway.this",
            "module.vpc.aws_route_table.public",
            "module.vpc.aws_vpc.this",
            "module.vpc.aws_vpc_ipv4_cidr_block_association.this"
          ]
        }
      ]
    },
    {
      "module": "module.vpc",
      "mode": "managed",
      "type": "aws_route_table",
      "name": "database",
      "provider": "provider[\"registry.terraform.io/hashicorp/aws\"]",
      "instances": [
        {
          "index_key": 0,
          "schema_version": 0,
          "attributes": {
            "arn": "arn:aws:ec2:us-east-1:767398061335:route-table/rtb-042cff039d6449bd9",
            "id": "rtb-042cff039d6449bd9",
            "owner_id": "767398061335",
            "propagating_vgws": [],
            "route": [],
            "tags": {
              "Name": "Bhargav-Dev-eks-1-db",
              "environment": "Dev",
              "owners": "Bhargav"
            },
            "tags_all": {
              "Name": "Bhargav-Dev-eks-1-db",
              "environment": "Dev",
              "owners": "Bhargav"
            },
            "timeouts": null,
            "vpc_id": "vpc-08a3afcb05ae574ea"
          },
          "sensitive_attributes": [],
          "private": "eyJlMmJmYjczMC1lY2FhLTExZTYtOGY4OC0zNDM2M2JjN2M0YzAiOnsiY3JlYXRlIjozMDAwMDAwMDAwMDAsImRlbGV0ZSI6MzAwMDAwMDAwMDAwLCJ1cGRhdGUiOjEyMDAwMDAwMDAwMH19",
          "dependencies": [
            "data.aws_availability_zones.available",
            "module.vpc.aws_vpc.this",
            "module.vpc.aws_vpc_ipv4_cidr_block_association.this"
          ]
        }
      ]
    },
    {
      "module": "module.vpc",
      "mode": "managed",
      "type": "aws_route_table",
      "name": "private",
      "provider": "provider[\"registry.terraform.io/hashicorp/aws\"]",
      "instances": [
        {
          "index_key": 0,
          "schema_version": 0,
          "attributes": {
            "arn": "arn:aws:ec2:us-east-1:767398061335:route-table/rtb-01533efbf6c3b13bc",
            "id": "rtb-01533efbf6c3b13bc",
            "owner_id": "767398061335",
            "propagating_vgws": [],
            "route": [],
            "tags": {
              "Name": "Bhargav-Dev-eks-1-private",
              "environment": "Dev",
              "owners": "Bhargav"
            },
            "tags_all": {
              "Name": "Bhargav-Dev-eks-1-private",
              "environment": "Dev",
              "owners": "Bhargav"
            },
            "timeouts": null,
            "vpc_id": "vpc-08a3afcb05ae574ea"
          },
          "sensitive_attributes": [],
          "private": "eyJlMmJmYjczMC1lY2FhLTExZTYtOGY4OC0zNDM2M2JjN2M0YzAiOnsiY3JlYXRlIjozMDAwMDAwMDAwMDAsImRlbGV0ZSI6MzAwMDAwMDAwMDAwLCJ1cGRhdGUiOjEyMDAwMDAwMDAwMH19",
          "dependencies": [
            "data.aws_availability_zones.available",
            "module.vpc.aws_vpc.this",
            "module.vpc.aws_vpc_ipv4_cidr_block_association.this"
          ]
        }
      ]
    },
    {
      "module": "module.vpc",
      "mode": "managed",
      "type": "aws_route_table",
      "name": "public",
      "provider": "provider[\"registry.terraform.io/hashicorp/aws\"]",
      "instances": [
        {
          "index_key": 0,
          "schema_version": 0,
          "attributes": {
            "arn": "arn:aws:ec2:us-east-1:767398061335:route-table/rtb-0a79e662206567aed",
            "id": "rtb-0a79e662206567aed",
            "owner_id": "767398061335",
            "propagating_vgws": [],
            "route": [],
            "tags": {
              "Name": "Bhargav-Dev-eks-1-public",
              "environment": "Dev",
              "owners": "Bhargav"
            },
            "tags_all": {
              "Name": "Bhargav-Dev-eks-1-public",
              "environment": "Dev",
              "owners": "Bhargav"
            },
            "timeouts": null,
            "vpc_id": "vpc-08a3afcb05ae574ea"
          },
          "sensitive_attributes": [],
          "private": "eyJlMmJmYjczMC1lY2FhLTExZTYtOGY4OC0zNDM2M2JjN2M0YzAiOnsiY3JlYXRlIjozMDAwMDAwMDAwMDAsImRlbGV0ZSI6MzAwMDAwMDAwMDAwLCJ1cGRhdGUiOjEyMDAwMDAwMDAwMH19",
          "dependencies": [
            "module.vpc.aws_vpc.this",
            "module.vpc.aws_vpc_ipv4_cidr_block_association.this"
          ]
        }
      ]
    },
    {
      "module": "module.vpc",
      "mode": "managed",
      "type": "aws_route_table_association",
      "name": "database",
      "provider": "provider[\"registry.terraform.io/hashicorp/aws\"]",
      "instances": [
        {
          "index_key": 0,
          "schema_version": 0,
          "attributes": {
            "gateway_id": "",
            "id": "rtbassoc-052d4f2525affe181",
            "route_table_id": "rtb-042cff039d6449bd9",
            "subnet_id": "subnet-049e47f571b8bdf4e",
            "timeouts": null
          },
          "sensitive_attributes": [],
          "private": "eyJlMmJmYjczMC1lY2FhLTExZTYtOGY4OC0zNDM2M2JjN2M0YzAiOnsiY3JlYXRlIjozMDAwMDAwMDAwMDAsImRlbGV0ZSI6MzAwMDAwMDAwMDAwLCJ1cGRhdGUiOjEyMDAwMDAwMDAwMH19",
          "dependencies": [
            "data.aws_availability_zones.available",
            "module.vpc.aws_route_table.database",
            "module.vpc.aws_route_table.private",
            "module.vpc.aws_subnet.database",
            "module.vpc.aws_vpc.this",
            "module.vpc.aws_vpc_ipv4_cidr_block_association.this"
          ]
        },
        {
          "index_key": 1,
          "schema_version": 0,
          "attributes": {
            "gateway_id": "",
            "id": "rtbassoc-035a0051f601da418",
            "route_table_id": "rtb-042cff039d6449bd9",
            "subnet_id": "subnet-09e455c022b964176",
            "timeouts": null
          },
          "sensitive_attributes": [],
          "private": "eyJlMmJmYjczMC1lY2FhLTExZTYtOGY4OC0zNDM2M2JjN2M0YzAiOnsiY3JlYXRlIjozMDAwMDAwMDAwMDAsImRlbGV0ZSI6MzAwMDAwMDAwMDAwLCJ1cGRhdGUiOjEyMDAwMDAwMDAwMH19",
          "dependencies": [
            "data.aws_availability_zones.available",
            "module.vpc.aws_route_table.database",
            "module.vpc.aws_route_table.private",
            "module.vpc.aws_subnet.database",
            "module.vpc.aws_vpc.this",
            "module.vpc.aws_vpc_ipv4_cidr_block_association.this"
          ]
        }
      ]
    },
    {
      "module": "module.vpc",
      "mode": "managed",
      "type": "aws_route_table_association",
      "name": "private",
      "provider": "provider[\"registry.terraform.io/hashicorp/aws\"]",
      "instances": [
        {
          "index_key": 0,
          "schema_version": 0,
          "attributes": {
            "gateway_id": "",
            "id": "rtbassoc-0573d700c671ca67b",
            "route_table_id": "rtb-01533efbf6c3b13bc",
            "subnet_id": "subnet-0d8dc89cee514431b",
            "timeouts": null
          },
          "sensitive_attributes": [],
          "private": "eyJlMmJmYjczMC1lY2FhLTExZTYtOGY4OC0zNDM2M2JjN2M0YzAiOnsiY3JlYXRlIjozMDAwMDAwMDAwMDAsImRlbGV0ZSI6MzAwMDAwMDAwMDAwLCJ1cGRhdGUiOjEyMDAwMDAwMDAwMH19",
          "dependencies": [
            "data.aws_availability_zones.available",
            "module.vpc.aws_route_table.private",
            "module.vpc.aws_subnet.private",
            "module.vpc.aws_vpc.this",
            "module.vpc.aws_vpc_ipv4_cidr_block_association.this"
          ]
        },
        {
          "index_key": 1,
          "schema_version": 0,
          "attributes": {
            "gateway_id": "",
            "id": "rtbassoc-0395baf334624faa1",
            "route_table_id": "rtb-01533efbf6c3b13bc",
            "subnet_id": "subnet-08886dc08688aaaf5",
            "timeouts": null
          },
          "sensitive_attributes": [],
          "private": "eyJlMmJmYjczMC1lY2FhLTExZTYtOGY4OC0zNDM2M2JjN2M0YzAiOnsiY3JlYXRlIjozMDAwMDAwMDAwMDAsImRlbGV0ZSI6MzAwMDAwMDAwMDAwLCJ1cGRhdGUiOjEyMDAwMDAwMDAwMH19",
          "dependencies": [
            "data.aws_availability_zones.available",
            "module.vpc.aws_route_table.private",
            "module.vpc.aws_subnet.private",
            "module.vpc.aws_vpc.this",
            "module.vpc.aws_vpc_ipv4_cidr_block_association.this"
          ]
        }
      ]
    },
    {
      "module": "module.vpc",
      "mode": "managed",
      "type": "aws_route_table_association",
      "name": "public",
      "provider": "provider[\"registry.terraform.io/hashicorp/aws\"]",
      "instances": [
        {
          "index_key": 0,
          "schema_version": 0,
          "attributes": {
            "gateway_id": "",
            "id": "rtbassoc-08bbe5790993689c5",
            "route_table_id": "rtb-0a79e662206567aed",
            "subnet_id": "subnet-078784bf2113bbff9",
            "timeouts": null
          },
          "sensitive_attributes": [],
          "private": "eyJlMmJmYjczMC1lY2FhLTExZTYtOGY4OC0zNDM2M2JjN2M0YzAiOnsiY3JlYXRlIjozMDAwMDAwMDAwMDAsImRlbGV0ZSI6MzAwMDAwMDAwMDAwLCJ1cGRhdGUiOjEyMDAwMDAwMDAwMH19",
          "dependencies": [
            "data.aws_availability_zones.available",
            "module.vpc.aws_route_table.public",
            "module.vpc.aws_subnet.public",
            "module.vpc.aws_vpc.this",
            "module.vpc.aws_vpc_ipv4_cidr_block_association.this"
          ]
        },
        {
          "index_key": 1,
          "schema_version": 0,
          "attributes": {
            "gateway_id": "",
            "id": "rtbassoc-056ed3caf031f5bc3",
            "route_table_id": "rtb-0a79e662206567aed",
            "subnet_id": "subnet-055eab7d32a88e58d",
            "timeouts": null
          },
          "sensitive_attributes": [],
          "private": "eyJlMmJmYjczMC1lY2FhLTExZTYtOGY4OC0zNDM2M2JjN2M0YzAiOnsiY3JlYXRlIjozMDAwMDAwMDAwMDAsImRlbGV0ZSI6MzAwMDAwMDAwMDAwLCJ1cGRhdGUiOjEyMDAwMDAwMDAwMH19",
          "dependencies": [
            "data.aws_availability_zones.available",
            "module.vpc.aws_route_table.public",
            "module.vpc.aws_subnet.public",
            "module.vpc.aws_vpc.this",
            "module.vpc.aws_vpc_ipv4_cidr_block_association.this"
          ]
        }
      ]
    },
    {
      "module": "module.vpc",
      "mode": "managed",
      "type": "aws_subnet",
      "name": "database",
      "provider": "provider[\"registry.terraform.io/hashicorp/aws\"]",
      "instances": [
        {
          "index_key": 0,
          "schema_version": 1,
          "attributes": {
            "arn": "arn:aws:ec2:us-east-1:767398061335:subnet/subnet-049e47f571b8bdf4e",
            "assign_ipv6_address_on_creation": false,
            "availability_zone": "us-east-1a",
            "availability_zone_id": "use1-az4",
            "cidr_block": "10.0.151.0/24",
            "customer_owned_ipv4_pool": "",
            "enable_dns64": false,
            "enable_lni_at_device_index": 0,
            "enable_resource_name_dns_a_record_on_launch": false,
            "enable_resource_name_dns_aaaa_record_on_launch": false,
            "id": "subnet-049e47f571b8bdf4e",
            "ipv6_cidr_block": "",
            "ipv6_cidr_block_association_id": "",
            "ipv6_native": false,
            "map_customer_owned_ip_on_launch": false,
            "map_public_ip_on_launch": false,
            "outpost_arn": "",
            "owner_id": "767398061335",
            "private_dns_hostname_type_on_launch": "ip-name",
            "tags": {
              "Name": "Bhargav-Dev-eks-1-db-us-east-1a",
              "Type": "database-subnets",
              "environment": "Dev",
              "owners": "Bhargav"
            },
            "tags_all": {
              "Name": "Bhargav-Dev-eks-1-db-us-east-1a",
              "Type": "database-subnets",
              "environment": "Dev",
              "owners": "Bhargav"
            },
            "timeouts": null,
            "vpc_id": "vpc-08a3afcb05ae574ea"
          },
          "sensitive_attributes": [],
          "private": "eyJlMmJmYjczMC1lY2FhLTExZTYtOGY4OC0zNDM2M2JjN2M0YzAiOnsiY3JlYXRlIjo2MDAwMDAwMDAwMDAsImRlbGV0ZSI6MTIwMDAwMDAwMDAwMH0sInNjaGVtYV92ZXJzaW9uIjoiMSJ9",
          "dependencies": [
            "data.aws_availability_zones.available",
            "module.vpc.aws_vpc.this",
            "module.vpc.aws_vpc_ipv4_cidr_block_association.this"
          ]
        },
        {
          "index_key": 1,
          "schema_version": 1,
          "attributes": {
            "arn": "arn:aws:ec2:us-east-1:767398061335:subnet/subnet-09e455c022b964176",
            "assign_ipv6_address_on_creation": false,
            "availability_zone": "us-east-1b",
            "availability_zone_id": "use1-az6",
            "cidr_block": "10.0.152.0/24",
            "customer_owned_ipv4_pool": "",
            "enable_dns64": false,
            "enable_lni_at_device_index": 0,
            "enable_resource_name_dns_a_record_on_launch": false,
            "enable_resource_name_dns_aaaa_record_on_launch": false,
            "id": "subnet-09e455c022b964176",
            "ipv6_cidr_block": "",
            "ipv6_cidr_block_association_id": "",
            "ipv6_native": false,
            "map_customer_owned_ip_on_launch": false,
            "map_public_ip_on_launch": false,
            "outpost_arn": "",
            "owner_id": "767398061335",
            "private_dns_hostname_type_on_launch": "ip-name",
            "tags": {
              "Name": "Bhargav-Dev-eks-1-db-us-east-1b",
              "Type": "database-subnets",
              "environment": "Dev",
              "owners": "Bhargav"
            },
            "tags_all": {
              "Name": "Bhargav-Dev-eks-1-db-us-east-1b",
              "Type": "database-subnets",
              "environment": "Dev",
              "owners": "Bhargav"
            },
            "timeouts": null,
            "vpc_id": "vpc-08a3afcb05ae574ea"
          },
          "sensitive_attributes": [],
          "private": "eyJlMmJmYjczMC1lY2FhLTExZTYtOGY4OC0zNDM2M2JjN2M0YzAiOnsiY3JlYXRlIjo2MDAwMDAwMDAwMDAsImRlbGV0ZSI6MTIwMDAwMDAwMDAwMH0sInNjaGVtYV92ZXJzaW9uIjoiMSJ9",
          "dependencies": [
            "data.aws_availability_zones.available",
            "module.vpc.aws_vpc.this",
            "module.vpc.aws_vpc_ipv4_cidr_block_association.this"
          ]
        }
      ]
    },
    {
      "module": "module.vpc",
      "mode": "managed",
      "type": "aws_subnet",
      "name": "private",
      "provider": "provider[\"registry.terraform.io/hashicorp/aws\"]",
      "instances": [
        {
          "index_key": 0,
          "schema_version": 1,
          "attributes": {
            "arn": "arn:aws:ec2:us-east-1:767398061335:subnet/subnet-0d8dc89cee514431b",
            "assign_ipv6_address_on_creation": false,
            "availability_zone": "us-east-1a",
            "availability_zone_id": "use1-az4",
            "cidr_block": "10.0.1.0/24",
            "customer_owned_ipv4_pool": "",
            "enable_dns64": false,
            "enable_lni_at_device_index": 0,
            "enable_resource_name_dns_a_record_on_launch": false,
            "enable_resource_name_dns_aaaa_record_on_launch": false,
            "id": "subnet-0d8dc89cee514431b",
            "ipv6_cidr_block": "",
            "ipv6_cidr_block_association_id": "",
            "ipv6_native": false,
            "map_customer_owned_ip_on_launch": false,
            "map_public_ip_on_launch": false,
            "outpost_arn": "",
            "owner_id": "767398061335",
            "private_dns_hostname_type_on_launch": "ip-name",
            "tags": {
              "Name": "Bhargav-Dev-eks-1-private-us-east-1a",
              "Type": "private-subnets",
              "environment": "Dev",
              "kubernetes.io/cluster/Bhargav-Dev-eks-1": "shared",
              "kubernetes.io/role/internal-elb": "1",
              "owners": "Bhargav"
            },
            "tags_all": {
              "Name": "Bhargav-Dev-eks-1-private-us-east-1a",
              "Type": "private-subnets",
              "environment": "Dev",
              "kubernetes.io/cluster/Bhargav-Dev-eks-1": "shared",
              "kubernetes.io/role/internal-elb": "1",
              "owners": "Bhargav"
            },
            "timeouts": null,
            "vpc_id": "vpc-08a3afcb05ae574ea"
          },
          "sensitive_attributes": [],
          "private": "eyJlMmJmYjczMC1lY2FhLTExZTYtOGY4OC0zNDM2M2JjN2M0YzAiOnsiY3JlYXRlIjo2MDAwMDAwMDAwMDAsImRlbGV0ZSI6MTIwMDAwMDAwMDAwMH0sInNjaGVtYV92ZXJzaW9uIjoiMSJ9",
          "dependencies": [
            "data.aws_availability_zones.available",
            "module.vpc.aws_vpc.this",
            "module.vpc.aws_vpc_ipv4_cidr_block_association.this"
          ]
        },
        {
          "index_key": 1,
          "schema_version": 1,
          "attributes": {
            "arn": "arn:aws:ec2:us-east-1:767398061335:subnet/subnet-08886dc08688aaaf5",
            "assign_ipv6_address_on_creation": false,
            "availability_zone": "us-east-1b",
            "availability_zone_id": "use1-az6",
            "cidr_block": "10.0.2.0/24",
            "customer_owned_ipv4_pool": "",
            "enable_dns64": false,
            "enable_lni_at_device_index": 0,
            "enable_resource_name_dns_a_record_on_launch": false,
            "enable_resource_name_dns_aaaa_record_on_launch": false,
            "id": "subnet-08886dc08688aaaf5",
            "ipv6_cidr_block": "",
            "ipv6_cidr_block_association_id": "",
            "ipv6_native": false,
            "map_customer_owned_ip_on_launch": false,
            "map_public_ip_on_launch": false,
            "outpost_arn": "",
            "owner_id": "767398061335",
            "private_dns_hostname_type_on_launch": "ip-name",
            "tags": {
              "Name": "Bhargav-Dev-eks-1-private-us-east-1b",
              "Type": "private-subnets",
              "environment": "Dev",
              "kubernetes.io/cluster/Bhargav-Dev-eks-1": "shared",
              "kubernetes.io/role/internal-elb": "1",
              "owners": "Bhargav"
            },
            "tags_all": {
              "Name": "Bhargav-Dev-eks-1-private-us-east-1b",
              "Type": "private-subnets",
              "environment": "Dev",
              "kubernetes.io/cluster/Bhargav-Dev-eks-1": "shared",
              "kubernetes.io/role/internal-elb": "1",
              "owners": "Bhargav"
            },
            "timeouts": null,
            "vpc_id": "vpc-08a3afcb05ae574ea"
          },
          "sensitive_attributes": [],
          "private": "eyJlMmJmYjczMC1lY2FhLTExZTYtOGY4OC0zNDM2M2JjN2M0YzAiOnsiY3JlYXRlIjo2MDAwMDAwMDAwMDAsImRlbGV0ZSI6MTIwMDAwMDAwMDAwMH0sInNjaGVtYV92ZXJzaW9uIjoiMSJ9",
          "dependencies": [
            "data.aws_availability_zones.available",
            "module.vpc.aws_vpc.this",
            "module.vpc.aws_vpc_ipv4_cidr_block_association.this"
          ]
        }
      ]
    },
    {
      "module": "module.vpc",
      "mode": "managed",
      "type": "aws_subnet",
      "name": "public",
      "provider": "provider[\"registry.terraform.io/hashicorp/aws\"]",
      "instances": [
        {
          "index_key": 0,
          "schema_version": 1,
          "attributes": {
            "arn": "arn:aws:ec2:us-east-1:767398061335:subnet/subnet-078784bf2113bbff9",
            "assign_ipv6_address_on_creation": false,
            "availability_zone": "us-east-1a",
            "availability_zone_id": "use1-az4",
            "cidr_block": "10.0.101.0/24",
            "customer_owned_ipv4_pool": "",
            "enable_dns64": false,
            "enable_lni_at_device_index": 0,
            "enable_resource_name_dns_a_record_on_launch": false,
            "enable_resource_name_dns_aaaa_record_on_launch": false,
            "id": "subnet-078784bf2113bbff9",
            "ipv6_cidr_block": "",
            "ipv6_cidr_block_association_id": "",
            "ipv6_native": false,
            "map_customer_owned_ip_on_launch": false,
            "map_public_ip_on_launch": true,
            "outpost_arn": "",
            "owner_id": "767398061335",
            "private_dns_hostname_type_on_launch": "ip-name",
            "tags": {
              "Name": "Bhargav-Dev-eks-1-public-us-east-1a",
              "Type": "Public Subnets",
              "environment": "Dev",
              "kubernetes.io/cluster/Bhargav-Dev-eks-1": "shared",
              "kubernetes.io/role/elb": "1",
              "owners": "Bhargav"
            },
            "tags_all": {
              "Name": "Bhargav-Dev-eks-1-public-us-east-1a",
              "Type": "Public Subnets",
              "environment": "Dev",
              "kubernetes.io/cluster/Bhargav-Dev-eks-1": "shared",
              "kubernetes.io/role/elb": "1",
              "owners": "Bhargav"
            },
            "timeouts": null,
            "vpc_id": "vpc-08a3afcb05ae574ea"
          },
          "sensitive_attributes": [],
          "private": "eyJlMmJmYjczMC1lY2FhLTExZTYtOGY4OC0zNDM2M2JjN2M0YzAiOnsiY3JlYXRlIjo2MDAwMDAwMDAwMDAsImRlbGV0ZSI6MTIwMDAwMDAwMDAwMH0sInNjaGVtYV92ZXJzaW9uIjoiMSJ9",
          "dependencies": [
            "data.aws_availability_zones.available",
            "module.vpc.aws_vpc.this",
            "module.vpc.aws_vpc_ipv4_cidr_block_association.this"
          ]
        },
        {
          "index_key": 1,
          "schema_version": 1,
          "attributes": {
            "arn": "arn:aws:ec2:us-east-1:767398061335:subnet/subnet-055eab7d32a88e58d",
            "assign_ipv6_address_on_creation": false,
            "availability_zone": "us-east-1b",
            "availability_zone_id": "use1-az6",
            "cidr_block": "10.0.102.0/24",
            "customer_owned_ipv4_pool": "",
            "enable_dns64": false,
            "enable_lni_at_device_index": 0,
            "enable_resource_name_dns_a_record_on_launch": false,
            "enable_resource_name_dns_aaaa_record_on_launch": false,
            "id": "subnet-055eab7d32a88e58d",
            "ipv6_cidr_block": "",
            "ipv6_cidr_block_association_id": "",
            "ipv6_native": false,
            "map_customer_owned_ip_on_launch": false,
            "map_public_ip_on_launch": true,
            "outpost_arn": "",
            "owner_id": "767398061335",
            "private_dns_hostname_type_on_launch": "ip-name",
            "tags": {
              "Name": "Bhargav-Dev-eks-1-public-us-east-1b",
              "Type": "Public Subnets",
              "environment": "Dev",
              "kubernetes.io/cluster/Bhargav-Dev-eks-1": "shared",
              "kubernetes.io/role/elb": "1",
              "owners": "Bhargav"
            },
            "tags_all": {
              "Name": "Bhargav-Dev-eks-1-public-us-east-1b",
              "Type": "Public Subnets",
              "environment": "Dev",
              "kubernetes.io/cluster/Bhargav-Dev-eks-1": "shared",
              "kubernetes.io/role/elb": "1",
              "owners": "Bhargav"
            },
            "timeouts": null,
            "vpc_id": "vpc-08a3afcb05ae574ea"
          },
          "sensitive_attributes": [],
          "private": "eyJlMmJmYjczMC1lY2FhLTExZTYtOGY4OC0zNDM2M2JjN2M0YzAiOnsiY3JlYXRlIjo2MDAwMDAwMDAwMDAsImRlbGV0ZSI6MTIwMDAwMDAwMDAwMH0sInNjaGVtYV92ZXJzaW9uIjoiMSJ9",
          "dependencies": [
            "data.aws_availability_zones.available",
            "module.vpc.aws_vpc.this",
            "module.vpc.aws_vpc_ipv4_cidr_block_association.this"
          ]
        }
      ]
    },
    {
      "module": "module.vpc",
      "mode": "managed",
      "type": "aws_vpc",
      "name": "this",
      "provider": "provider[\"registry.terraform.io/hashicorp/aws\"]",
      "instances": [
        {
          "index_key": 0,
          "schema_version": 1,
          "attributes": {
            "arn": "arn:aws:ec2:us-east-1:767398061335:vpc/vpc-08a3afcb05ae574ea",
            "assign_generated_ipv6_cidr_block": false,
            "cidr_block": "10.0.0.0/16",
            "default_network_acl_id": "acl-0c786b57d45eafcfc",
            "default_route_table_id": "rtb-0c0c04eeed36fef9a",
            "default_security_group_id": "sg-01f3e8be0c36fdc5b",
            "dhcp_options_id": "dopt-024fe5482e58ab437",
            "enable_dns_hostnames": true,
            "enable_dns_support": true,
            "enable_network_address_usage_metrics": false,
            "id": "vpc-08a3afcb05ae574ea",
            "instance_tenancy": "default",
            "ipv4_ipam_pool_id": null,
            "ipv4_netmask_length": null,
            "ipv6_association_id": "",
            "ipv6_cidr_block": "",
            "ipv6_cidr_block_network_border_group": "",
            "ipv6_ipam_pool_id": "",
            "ipv6_netmask_length": 0,
            "main_route_table_id": "rtb-0c0c04eeed36fef9a",
            "owner_id": "767398061335",
            "tags": {
              "Name": "Bhargav-Dev-eks-1",
              "environment": "Dev",
              "owners": "Bhargav"
            },
            "tags_all": {
              "Name": "Bhargav-Dev-eks-1",
              "environment": "Dev",
              "owners": "Bhargav"
            }
          },
          "sensitive_attributes": [],
          "private": "eyJzY2hlbWFfdmVyc2lvbiI6IjEifQ==",
          "create_before_destroy": true
        }
      ]
    }
  ],
  "check_results": null
}
